# This file is automatically @generated by Wally.
# It is not intended for manual editing.
registry = "test"

[[package]]
name = "6531503070/messagingmanager"
version = "2.0.2"
dependencies = [["Concur", "sleitnick/concur@0.1.2"], ["Quid", "6531503070/quid@1.0.1"], ["Signal", "sleitnick/signal@2.0.3"]]

[[package]]
name = "6531503070/quid"
version = "1.0.1"
dependencies = []

[[package]]
name = "sleitnick/concur"
version = "0.1.2"
dependencies = []

[[package]]
name = "sleitnick/signal"
version = "2.0.3"
dependencies = []
